
Microsoft Visual Studio Solution File, Format Version 12.00
# Visual Studio Version 16
VisualStudioVersion = 16.0.31005.135
MinimumVisualStudioVersion = 10.0.40219.1
Project("{FAE04EC0-301F-11D3-BF4B-00C04F79EFBC}") = "Aircompany", "Aircompany\Aircompany.csproj", "{6238EFD2-E045-4A2B-BFF8-05239391CC1B}"
EndProject
Project("{FAE04EC0-301F-11D3-BF4B-00C04F79EFBC}") = "AircompanyTests", "AircompanyTests\AircompanyTests.csproj", "{A4FA8E8A-334D-4B55-9B06-E318055BC016}"
	ProjectSection(ProjectDependencies) = postProject
		{6238EFD2-E045-4A2B-BFF8-05239391CC1B} = {6238EFD2-E045-4A2B-BFF8-05239391CC1B}
	EndProjectSection
EndProject
Global
	GlobalSection(SolutionConfigurationPlatforms) = preSolution
		Debug|Any CPU = Debug|Any CPU
		Release|Any CPU = Release|Any CPU
	EndGlobalSection
	GlobalSection(ProjectConfigurationPlatforms) = postSolution
		{6238EFD2-E045-4A2B-BFF8-05239391CC1B}.Debug|Any CPU.ActiveCfg = Debug|Any CPU
		{6238EFD2-E045-4A2B-BFF8-05239391CC1B}.Debug|Any CPU.Build.0 = Debug|Any CPU
		{6238EFD2-E045-4A2B-BFF8-05239391CC1B}.Release|Any CPU.ActiveCfg = Release|Any CPU
		{6238EFD2-E045-4A2B-BFF8-05239391CC1B}.Release|Any CPU.Build.0 = Release|Any CPU
		{A4FA8E8A-334D-4B55-9B06-E318055BC016}.Debug|Any CPU.ActiveCfg = Debug|Any CPU
		{A4FA8E8A-334D-4B55-9B06-E318055BC016}.Debug|Any CPU.Build.0 = Debug|Any CPU
		{A4FA8E8A-334D-4B55-9B06-E318055BC016}.Release|Any CPU.ActiveCfg = Release|Any CPU
		{A4FA8E8A-334D-4B55-9B06-E318055BC016}.Release|Any CPU.Build.0 = Release|Any CPU
	EndGlobalSection
	GlobalSection(SolutionProperties) = preSolution
		HideSolutionNode = FALSE
	EndGlobalSection
	GlobalSection(ExtensibilityGlobals) = postSolution
		SolutionGuid = {1C67199D-0885-4B17-9592-419EAB7CA509}
	EndGlobalSection
EndGlobal
